# This file is automatically @generated by Cargo.
# It is not intended for manual editing.
version = 4

[[package]]
name = "soundboard"
version = "0.0.0"
dependencies = [
 "soundboard-core",
 "soundboard-platform",
 "soundboard-remote",
]

[[package]]
name = "soundboard-core"
version = "0.0.0"

[[package]]
name = "soundboard-platform"
version = "0.0.0"

[[package]]
name = "soundboard-remote"
version = "0.0.0"
